{
  "name": "create3",
  "version": "1.0.0",
  "lockfileVersion": 1,
  "requires": true,
  "dependencies": {
    "@types/uuid": {
      "version": "8.3.0",
      "resolved": "https://registry.npmjs.org/@types/uuid/-/uuid-8.3.0.tgz",
      "integrity": "sha512-eQ9qFW/fhfGJF8WKHGEHZEyVWfZxrT+6CLIJGBcZPfxUh/+BnEj+UCGYMlr9qZuX/2AltsvwrGqp0LhEW8D0zQ=="
    },
    "uuidv4": {
      "version": "6.2.6",
      "resolved": "https://registry.npmjs.org/uuidv4/-/uuidv4-6.2.6.tgz",
      "integrity": "sha512-vFyL4jugB/ln1ux1gXLlBMBv424Dn86EaBMoqUH1K6XI3XuriaWLeRUzH4iWwPu+BOJiw4hc4TjvrPmk+H+ZBQ==",
      "requires": {
        "@types/uuid": "8.3.0",
        "uuid": "8.3.2"
      },
      "dependencies": {
        "uuid": {
          "version": "8.3.2",
          "resolved": "https://registry.npmjs.org/uuid/-/uuid-8.3.2.tgz",
          "integrity": "sha512-+NYs2QeMWy+GWFOEm9xnn6HCDp0l7QBD7ml8zLUmJ+93Q5NF0NocErnwkTkXVFNiX3/fpC6afS8Dhb/gz7R7eg=="
        }
      }
    }
  }
}
